
Microsoft Visual Studio Solution File, Format Version 12.00
# Visual Studio Version 17
VisualStudioVersion = 17.0.32112.339
MinimumVisualStudioVersion = 10.0.40219.1
Project("{FAE04EC0-301F-11D3-BF4B-00C04F79EFBC}") = "Todo", "Todo\Todo.csproj", "{85D5C319-BB1E-4C69-A417-941B1FCCA854}"
EndProject
Global
	GlobalSection(SolutionConfigurationPlatforms) = preSolution
		Debug|Any CPU = Debug|Any CPU
		Release|Any CPU = Release|Any CPU
	EndGlobalSection
	GlobalSection(ProjectConfigurationPlatforms) = postSolution
		{85D5C319-BB1E-4C69-A417-941B1FCCA854}.Debug|Any CPU.ActiveCfg = Debug|Any CPU
		{85D5C319-BB1E-4C69-A417-941B1FCCA854}.Debug|Any CPU.Build.0 = Debug|Any CPU
		{85D5C319-BB1E-4C69-A417-941B1FCCA854}.Release|Any CPU.ActiveCfg = Release|Any CPU
		{85D5C319-BB1E-4C69-A417-941B1FCCA854}.Release|Any CPU.Build.0 = Release|Any CPU
	EndGlobalSection
	GlobalSection(SolutionProperties) = preSolution
		HideSolutionNode = FALSE
	EndGlobalSection
	GlobalSection(ExtensibilityGlobals) = postSolution
		SolutionGuid = {02D29A97-80D1-467F-9EC6-41EFFA7CD921}
	EndGlobalSection
EndGlobal
